// !$*UTF8*$!
{
	archiveVersion = 1;
	classes = {
	};
	objectVersion = 50;
	objects = {

/* Begin PBXBuildFile section */
		0FEFE2532509ECE90066827C /* AppDelegate.swift in Sources */ = {isa = PBXBuildFile; fileRef = 0FEFE2522509ECE90066827C /* AppDelegate.swift */; };
		0FEFE2552509ECE90066827C /* SceneDelegate.swift in Sources */ = {isa = PBXBuildFile; fileRef = 0FEFE2542509ECE90066827C /* SceneDelegate.swift */; };
		0FEFE2572509ECE90066827C /* ContentView.swift in Sources */ = {isa = PBXBuildFile; fileRef = 0FEFE2562509ECE90066827C /* ContentView.swift */; };
		0FEFE2592509ECEE0066827C /* Assets.xcassets in Resources */ = {isa = PBXBuildFile; fileRef = 0FEFE2582509ECEE0066827C /* Assets.xcassets */; };
		0FEFE25C2509ECEE0066827C /* Preview Assets.xcassets in Resources */ = {isa = PBXBuildFile; fileRef = 0FEFE25B2509ECEE0066827C /* Preview Assets.xcassets */; };
		0FEFE25F2509ECEE0066827C /* LaunchScreen.storyboard in Resources */ = {isa = PBXBuildFile; fileRef = 0FEFE25D2509ECEE0066827C /* LaunchScreen.storyboard */; };
/* End PBXBuildFile section */

/* Begin PBXFileReference section */
		0FEFE24F2509ECE90066827C /* DistributionChannel.app */ = {isa = PBXFileReference; explicitFileType = wrapper.application; includeInIndex = 0; path = DistributionChannel.app; sourceTree = BUILT_PRODUCTS_DIR; };
		0FEFE2522509ECE90066827C /* AppDelegate.swift */ = {isa = PBXFileReference; lastKnownFileType = sourcecode.swift; path = AppDelegate.swift; sourceTree = "<group>"; };
		0FEFE2542509ECE90066827C /* SceneDelegate.swift */ = {isa = PBXFileReference; lastKnownFileType = sourcecode.swift; path = SceneDelegate.swift; sourceTree = "<group>"; };
		0FEFE2562509ECE90066827C /* ContentView.swift */ = {isa = PBXFileReference; lastKnownFileType = sourcecode.swift; path = ContentView.swift; sourceTree = "<group>"; };
		0FEFE2582509ECEE0066827C /* Assets.xcassets */ = {isa = PBXFileReference; lastKnownFileType = folder.assetcatalog; path = Assets.xcassets; sourceTree = "<group>"; };
		0FEFE25B2509ECEE0066827C /* Preview Assets.xcassets */ = {isa = PBXFileReference; lastKnownFileType = folder.assetcatalog; path = "Preview Assets.xcassets"; sourceTree = "<group>"; };
		0FEFE25E2509ECEE0066827C /* Base */ = {isa = PBXFileReference; lastKnownFileType = file.storyboard; name = Base; path = Base.lproj/LaunchScreen.storyboard; sourceTree = "<group>"; };
		0FEFE2602509ECEE0066827C /* Info.plist */ = {isa = PBXFileReference; lastKnownFileType = text.plist.xml; path = Info.plist; sourceTree = "<group>"; };
/* End PBXFileReference section */

/* Begin PBXFrameworksBuildPhase section */
		0FEFE24C2509ECE90066827C /* Frameworks */ = {
			isa = PBXFrameworksBuildPhase;
			buildActionMask = 2147483647;
			files = (
			);
			runOnlyForDeploymentPostprocessing = 0;
		};
/* End PBXFrameworksBuildPhase section */

/* Begin PBXGroup section */
		0FEFE2462509ECE90066827C = {
			isa = PBXGroup;
			children = (
				0FEFE2512509ECE90066827C /* DistributionChannel */,
				0FEFE2502509ECE90066827C /* Products */,
			);
			sourceTree = "<group>";
		};
		0FEFE2502509ECE90066827C /* Products */ = {
			isa = PBXGroup;
			children = (
				0FEFE24F2509ECE90066827C /* DistributionChannel.app */,
			);
			name = Products;
			sourceTree = "<group>";
		};
		0FEFE2512509ECE90066827C /* DistributionChannel */ = {
			isa = PBXGroup;
			children = (
				0FEFE2522509ECE90066827C /* AppDelegate.swift */,
				0FEFE2542509ECE90066827C /* SceneDelegate.swift */,
				0FEFE2562509ECE90066827C /* ContentView.swift */,
				0FEFE2582509ECEE0066827C /* Assets.xcassets */,
				0FEFE25D2509ECEE0066827C /* LaunchScreen.storyboard */,
				0FEFE2602509ECEE0066827C /* Info.plist */,
				0FEFE25A2509ECEE0066827C /* Preview Content */,
			);
			path = DistributionChannel;
			sourceTree = "<group>";
		};
		0FEFE25A2509ECEE0066827C /* Preview Content */ = {
			isa = PBXGroup;
			children = (
				0FEFE25B2509ECEE0066827C /* Preview Assets.xcassets */,
			);
			path = "Preview Content";
			sourceTree = "<group>";
		};
/* End PBXGroup section */

/* Begin PBXNativeTarget section */
		0FEFE24E2509ECE90066827C /* DistributionChannel */ = {
			isa = PBXNativeTarget;
			buildConfigurationList = 0FEFE2632509ECEE0066827C /* Build configuration list for PBXNativeTarget "DistributionChannel" */;
			buildPhases = (
				0FEFE24B2509ECE90066827C /* Sources */,
				0FEFE24C2509ECE90066827C /* Frameworks */,
				0FEFE24D2509ECE90066827C /* Resources */,
			);
			buildRules = (
			);
			dependencies = (
			);
			name = DistributionChannel;
			productName = DistributionChannel;
			productReference = 0FEFE24F2509ECE90066827C /* DistributionChannel.app */;
			productType = "com.apple.product-type.application";
		};
/* End PBXNativeTarget section */

/* Begin PBXProject section */
		0FEFE2472509ECE90066827C /* Project object */ = {
			isa = PBXProject;
			attributes = {
				LastSwiftUpdateCheck = 1160;
				LastUpgradeCheck = 1160;
				ORGANIZATIONNAME = "Irfandio Daffa A";
				TargetAttributes = {
					0FEFE24E2509ECE90066827C = {
						CreatedOnToolsVersion = 11.6;
					};
				};
			};
			buildConfigurationList = 0FEFE24A2509ECE90066827C /* Build configuration list for PBXProject "DistributionChannel" */;
			compatibilityVersion = "Xcode 9.3";
			developmentRegion = en;
			hasScannedForEncodings = 0;
			knownRegions = (
				en,
				Base,
			);
			mainGroup = 0FEFE2462509ECE90066827C;
			productRefGroup = 0FEFE2502509ECE90066827C /* Products */;
			projectDirPath = "";
			projectRoot = "";
			targets = (
				0FEFE24E2509ECE90066827C /* DistributionChannel */,
			);
		};
/* End PBXProject section */

/* Begin PBXResourcesBuildPhase section */
		0FEFE24D2509ECE90066827C /* Resources */ = {
			isa = PBXResourcesBuildPhase;
			buildActionMask = 2147483647;
			files = (
				0FEFE25F2509ECEE0066827C /* LaunchScreen.storyboard in Resources */,
				0FEFE25C2509ECEE0066827C /* Preview Assets.xcassets in Resources */,
				0FEFE2592509ECEE0066827C /* Assets.xcassets in Resources */,
			);
			runOnlyForDeploymentPostprocessing = 0;
		};
/* End PBXResourcesBuildPhase section */

/* Begin PBXSourcesBuildPhase section */
		0FEFE24B2509ECE90066827C /* Sources */ = {
			isa = PBXSourcesBuildPhase;
			buildActionMask = 2147483647;
			files = (
				0FEFE2532509ECE90066827C /* AppDelegate.swift in Sources */,
				0FEFE2552509ECE90066827C /* SceneDelegate.swift in Sources */,
				0FEFE2572509ECE90066827C /* ContentView.swift in Sources */,
			);
			runOnlyForDeploymentPostprocessing = 0;
		};
/* End PBXSourcesBuildPhase section */

/* Begin PBXVariantGroup section */
		0FEFE25D2509ECEE0066827C /* LaunchScreen.storyboard */ = {
			isa = PBXVariantGroup;
			children = (
				0FEFE25E2509ECEE0066827C /* Base */,
			);
			name = LaunchScreen.storyboard;
			sourceTree = "<group>";
		};
/* End PBXVariantGroup section */

/* Begin XCBuildConfiguration section */
		0FEFE2612509ECEE0066827C /* Debug */ = {
			isa = XCBuildConfiguration;
			buildSettings = {
				ALWAYS_SEARCH_USER_PATHS = NO;
				CLANG_ANALYZER_NONNULL = YES;
				CLANG_ANALYZER_NUMBER_OBJECT_CONVERSION = YES_AGGRESSIVE;
				CLANG_CXX_LANGUAGE_STANDARD = "gnu++14";
				CLANG_CXX_LIBRARY = "libc++";
				CLANG_ENABLE_MODULES = YES;
				CLANG_ENABLE_OBJC_ARC = YES;
				CLANG_ENABLE_OBJC_WEAK = YES;
				CLANG_WARN_BLOCK_CAPTURE_AUTORELEASING = YES;
				CLANG_WARN_BOOL_CONVERSION = YES;
				CLANG_WARN_COMMA = YES;
				CLANG_WARN_CONSTANT_CONVERSION = YES;
				CLANG_WARN_DEPRECATED_OBJC_IMPLEMENTATIONS = YES;
				CLANG_WARN_DIRECT_OBJC_ISA_USAGE = YES_ERROR;
				CLANG_WARN_DOCUMENTATION_COMMENTS = YES;
				CLANG_WARN_EMPTY_BODY = YES;
				CLANG_WARN_ENUM_CONVERSION = YES;
				CLANG_WARN_INFINITE_RECURSION = YES;
				CLANG_WARN_INT_CONVERSION = YES;
				CLANG_WARN_NON_LITERAL_NULL_CONVERSION = YES;
				CLANG_WARN_OBJC_IMPLICIT_RETAIN_SELF = YES;
				CLANG_WARN_OBJC_LITERAL_CONVERSION = YES;
				CLANG_WARN_OBJC_ROOT_CLASS = YES_ERROR;
				CLANG_WARN_RANGE_LOOP_ANALYSIS = YES;
				CLANG_WARN_STRICT_PROTOTYPES = YES;
				CLANG_WARN_SUSPICIOUS_MOVE = YES;
				CLANG_WARN_UNGUARDED_AVAILABILITY = YES_AGGRESSIVE;
				CLANG_WARN_UNREACHABLE_CODE = YES;
				CLANG_WARN__DUPLICATE_METHOD_MATCH = YES;
				COPY_PHASE_STRIP = NO;
				DEBUG_INFORMATION_FORMAT = dwarf;
				ENABLE_STRICT_OBJC_MSGSEND = YES;
				ENABLE_TESTABILITY = YES;
				GCC_C_LANGUAGE_STANDARD = gnu11;
				GCC_DYNAMIC_NO_PIC = NO;
				GCC_NO_COMMON_BLOCKS = YES;
				GCC_OPTIMIZATION_LEVEL = 0;
				GCC_PREPROCESSOR_DEFINITIONS = (
					"DEBUG=1",
					"$(inherited)",
				);
				GCC_WARN_64_TO_32_BIT_CONVERSION = YES;
				GCC_WARN_ABOUT_RETURN_TYPE = YES_ERROR;
				GCC_WARN_UNDECLARED_SELECTOR = YES;
				GCC_WARN_UNINITIALIZED_AUTOS = YES_AGGRESSIVE;
				GCC_WARN_UNUSED_FUNCTION = YES;
				GCC_WARN_UNUSED_VARIABLE = YES;
				IPHONEOS_DEPLOYMENT_TARGET = 13.6;
				MTL_ENABLE_DEBUG_INFO = INCLUDE_SOURCE;
				MTL_FAST_MATH = YES;
				ONLY_ACTIVE_ARCH = YES;
				SDKROOT = iphoneos;
				SWIFT_ACTIVE_COMPILATION_CONDITIONS = DEBUG;
				SWIFT_OPTIMIZATION_LEVEL = "-Onone";
			};
			name = Debug;
		};
		0FEFE2622509ECEE0066827C /* Release */ = {
			isa = XCBuildConfiguration;
			buildSettings = {
				ALWAYS_SEARCH_USER_PATHS = NO;
				CLANG_ANALYZER_NONNULL = YES;
				CLANG_ANALYZER_NUMBER_OBJECT_CONVERSION = YES_AGGRESSIVE;
				CLANG_CXX_LANGUAGE_STANDARD = "gnu++14";
				CLANG_CXX_LIBRARY = "libc++";
				CLANG_ENABLE_MODULES = YES;
				CLANG_ENABLE_OBJC_ARC = YES;
				CLANG_ENABLE_OBJC_WEAK = YES;
				CLANG_WARN_BLOCK_CAPTURE_AUTORELEASING = YES;
				CLANG_WARN_BOOL_CONVERSION = YES;
				CLANG_WARN_COMMA = YES;
				CLANG_WARN_CONSTANT_CONVERSION = YES;
				CLANG_WARN_DEPRECATED_OBJC_IMPLEMENTATIONS = YES;
				CLANG_WARN_DIRECT_OBJC_ISA_USAGE = YES_ERROR;
				CLANG_WARN_DOCUMENTATION_COMMENTS = YES;
				CLANG_WARN_EMPTY_BODY = YES;
				CLANG_WARN_ENUM_CONVERSION = YES;
				CLANG_WARN_INFINITE_RECURSION = YES;
				CLANG_WARN_INT_CONVERSION = YES;
				CLANG_WARN_NON_LITERAL_NULL_CONVERSION = YES;
				CLANG_WARN_OBJC_IMPLICIT_RETAIN_SELF = YES;
				CLANG_WARN_OBJC_LITERAL_CONVERSION = YES;
				CLANG_WARN_OBJC_ROOT_CLASS = YES_ERROR;
				CLANG_WARN_RANGE_LOOP_ANALYSIS = YES;
				CLANG_WARN_STRICT_PROTOTYPES = YES;
				CLANG_WARN_SUSPICIOUS_MOVE = YES;
				CLANG_WARN_UNGUARDED_AVAILABILITY = YES_AGGRESSIVE;
				CLANG_WARN_UNREACHABLE_CODE = YES;
				CLANG_WARN__DUPLICATE_METHOD_MATCH = YES;
				COPY_PHASE_STRIP = NO;
				DEBUG_INFORMATION_FORMAT = "dwarf-with-dsym";
				ENABLE_NS_ASSERTIONS = NO;
				ENABLE_STRICT_OBJC_MSGSEND = YES;
				GCC_C_LANGUAGE_STANDARD = gnu11;
				GCC_NO_COMMON_BLOCKS = YES;
				GCC_WARN_64_TO_32_BIT_CONVERSION = YES;
				GCC_WARN_ABOUT_RETURN_TYPE = YES_ERROR;
				GCC_WARN_UNDECLARED_SELECTOR = YES;
				GCC_WARN_UNINITIALIZED_AUTOS = YES_AGGRESSIVE;
				GCC_WARN_UNUSED_FUNCTION = YES;
				GCC_WARN_UNUSED_VARIABLE = YES;
				IPHONEOS_DEPLOYMENT_TARGET = 13.6;
				MTL_ENABLE_DEBUG_INFO = NO;
				MTL_FAST_MATH = YES;
				SDKROOT = iphoneos;
				SWIFT_COMPILATION_MODE = wholemodule;
				SWIFT_OPTIMIZATION_LEVEL = "-O";
				VALIDATE_PRODUCT = YES;
			};
			name = Release;
		};
		0FEFE2642509ECEE0066827C /* Debug */ = {
			isa = XCBuildConfiguration;
			buildSettings = {
				ASSETCATALOG_COMPILER_APPICON_NAME = AppIcon;
				CODE_SIGN_STYLE = Automatic;
				DEVELOPMENT_ASSET_PATHS = "\"DistributionChannel/Preview Content\"";
				DEVELOPMENT_TEAM = 4JVKLM52R8;
				ENABLE_PREVIEWS = YES;
				INFOPLIST_FILE = DistributionChannel/Info.plist;
				LD_RUNPATH_SEARCH_PATHS = (
					"$(inherited)",
					"@executable_path/Frameworks",
				);
				PRODUCT_BUNDLE_IDENTIFIER = Daffa.DistributionChannel;
				PRODUCT_NAME = "$(TARGET_NAME)";
				SWIFT_VERSION = 5.0;
				TARGETED_DEVICE_FAMILY = "1,2";
			};
			name = Debug;
		};
		0FEFE2652509ECEE0066827C /* Release */ = {
			isa = XCBuildConfiguration;
			buildSettings = {
				ASSETCATALOG_COMPILER_APPICON_NAME = AppIcon;
				CODE_SIGN_STYLE = Automatic;
				DEVELOPMENT_ASSET_PATHS = "\"DistributionChannel/Preview Content\"";
				DEVELOPMENT_TEAM = 4JVKLM52R8;
				ENABLE_PREVIEWS = YES;
				INFOPLIST_FILE = DistributionChannel/Info.plist;
				LD_RUNPATH_SEARCH_PATHS = (
					"$(inherited)",
					"@executable_path/Frameworks",
				);
				PRODUCT_BUNDLE_IDENTIFIER = Daffa.DistributionChannel;
				PRODUCT_NAME = "$(TARGET_NAME)";
				SWIFT_VERSION = 5.0;
				TARGETED_DEVICE_FAMILY = "1,2";
			};
			name = Release;
		};
/* End XCBuildConfiguration section */

/* Begin XCConfigurationList section */
		0FEFE24A2509ECE90066827C /* Build configuration list for PBXProject "DistributionChannel" */ = {
			isa = XCConfigurationList;
			buildConfigurations = (
				0FEFE2612509ECEE0066827C /* Debug */,
				0FEFE2622509ECEE0066827C /* Release */,
			);
			defaultConfigurationIsVisible = 0;
			defaultConfigurationName = Release;
		};
		0FEFE2632509ECEE0066827C /* Build configuration list for PBXNativeTarget "DistributionChannel" */ = {
			isa = XCConfigurationList;
			buildConfigurations = (
				0FEFE2642509ECEE0066827C /* Debug */,
				0FEFE2652509ECEE0066827C /* Release */,
			);
			defaultConfigurationIsVisible = 0;
			defaultConfigurationName = Release;
		};
/* End XCConfigurationList section */
	};
	rootObject = 0FEFE2472509ECE90066827C /* Project object */;
}
